// !$*UTF8*$!
{
	archiveVersion = 1;
	classes = {
	};
	objectVersion = 50;
	objects = {

/* Begin PBXBuildFile section */
		2B795AFF1D50DE39A8B681D4 /* Pods_FantasticViewTests.framework in Frameworks */ = {isa = PBXBuildFile; fileRef = 87F21C6B5BE763780F825BDB /* Pods_FantasticViewTests.framework */; };
		7533FEF420D8DA1F0095EE1E /* FantasticView.swift in Sources */ = {isa = PBXBuildFile; fileRef = 7533FEF220D8DA1F0095EE1E /* FantasticView.swift */; };
		7533FEF520D8DA1F0095EE1E /* FantasticViewPravin.swift in Sources */ = {isa = PBXBuildFile; fileRef = 7533FEF320D8DA1F0095EE1E /* FantasticViewPravin.swift */; };
		75F81ED720D77218009D5971 /* AppDelegate.swift in Sources */ = {isa = PBXBuildFile; fileRef = 75F81ED620D77218009D5971 /* AppDelegate.swift */; };
		75F81ED920D77218009D5971 /* ViewController.swift in Sources */ = {isa = PBXBuildFile; fileRef = 75F81ED820D77218009D5971 /* ViewController.swift */; };
		75F81EDC20D77218009D5971 /* Main.storyboard in Resources */ = {isa = PBXBuildFile; fileRef = 75F81EDA20D77218009D5971 /* Main.storyboard */; };
		75F81EDE20D7721B009D5971 /* Assets.xcassets in Resources */ = {isa = PBXBuildFile; fileRef = 75F81EDD20D7721B009D5971 /* Assets.xcassets */; };
		75F81EE120D7721B009D5971 /* LaunchScreen.storyboard in Resources */ = {isa = PBXBuildFile; fileRef = 75F81EDF20D7721B009D5971 /* LaunchScreen.storyboard */; };
		75F81EEC20D7721B009D5971 /* FantasticViewTests.swift in Sources */ = {isa = PBXBuildFile; fileRef = 75F81EEB20D7721B009D5971 /* FantasticViewTests.swift */; };
		8C1A3FBD7012963F6579CDF7 /* Pods_FantasticView.framework in Frameworks */ = {isa = PBXBuildFile; fileRef = F59E4C1099B10DB2F391E57F /* Pods_FantasticView.framework */; };
/* End PBXBuildFile section */

/* Begin PBXContainerItemProxy section */
		75F81EE820D7721B009D5971 /* PBXContainerItemProxy */ = {
			isa = PBXContainerItemProxy;
			containerPortal = 75F81ECB20D77218009D5971 /* Project object */;
			proxyType = 1;
			remoteGlobalIDString = 75F81ED220D77218009D5971;
			remoteInfo = FantasticView;
		};
/* End PBXContainerItemProxy section */

/* Begin PBXFileReference section */
		15E4D3D4C47842A81B534E33 /* Pods-FantasticViewTests.release.xcconfig */ = {isa = PBXFileReference; includeInIndex = 1; lastKnownFileType = text.xcconfig; name = "Pods-FantasticViewTests.release.xcconfig"; path = "Pods/Target Support Files/Pods-FantasticViewTests/Pods-FantasticViewTests.release.xcconfig"; sourceTree = "<group>"; };
		62F0A743FED9568C7DBBCB1C /* Pods-FantasticView.release.xcconfig */ = {isa = PBXFileReference; includeInIndex = 1; lastKnownFileType = text.xcconfig; name = "Pods-FantasticView.release.xcconfig"; path = "Pods/Target Support Files/Pods-FantasticView/Pods-FantasticView.release.xcconfig"; sourceTree = "<group>"; };
		7533FEF220D8DA1F0095EE1E /* FantasticView.swift */ = {isa = PBXFileReference; fileEncoding = 4; lastKnownFileType = sourcecode.swift; path = FantasticView.swift; sourceTree = "<group>"; };
		7533FEF320D8DA1F0095EE1E /* FantasticViewPravin.swift */ = {isa = PBXFileReference; fileEncoding = 4; lastKnownFileType = sourcecode.swift; path = FantasticViewPravin.swift; sourceTree = "<group>"; };
		75F81ED320D77218009D5971 /* FantasticView.app */ = {isa = PBXFileReference; explicitFileType = wrapper.application; includeInIndex = 0; path = FantasticView.app; sourceTree = BUILT_PRODUCTS_DIR; };
		75F81ED620D77218009D5971 /* AppDelegate.swift */ = {isa = PBXFileReference; lastKnownFileType = sourcecode.swift; path = AppDelegate.swift; sourceTree = "<group>"; };
		75F81ED820D77218009D5971 /* ViewController.swift */ = {isa = PBXFileReference; lastKnownFileType = sourcecode.swift; path = ViewController.swift; sourceTree = "<group>"; };
		75F81EDB20D77218009D5971 /* Base */ = {isa = PBXFileReference; lastKnownFileType = file.storyboard; name = Base; path = Base.lproj/Main.storyboard; sourceTree = "<group>"; };
		75F81EDD20D7721B009D5971 /* Assets.xcassets */ = {isa = PBXFileReference; lastKnownFileType = folder.assetcatalog; path = Assets.xcassets; sourceTree = "<group>"; };
		75F81EE020D7721B009D5971 /* Base */ = {isa = PBXFileReference; lastKnownFileType = file.storyboard; name = Base; path = Base.lproj/LaunchScreen.storyboard; sourceTree = "<group>"; };
		75F81EE220D7721B009D5971 /* Info.plist */ = {isa = PBXFileReference; lastKnownFileType = text.plist.xml; path = Info.plist; sourceTree = "<group>"; };
		75F81EE720D7721B009D5971 /* FantasticViewTests.xctest */ = {isa = PBXFileReference; explicitFileType = wrapper.cfbundle; includeInIndex = 0; path = FantasticViewTests.xctest; sourceTree = BUILT_PRODUCTS_DIR; };
		75F81EEB20D7721B009D5971 /* FantasticViewTests.swift */ = {isa = PBXFileReference; lastKnownFileType = sourcecode.swift; path = FantasticViewTests.swift; sourceTree = "<group>"; };
		75F81EED20D7721B009D5971 /* Info.plist */ = {isa = PBXFileReference; lastKnownFileType = text.plist.xml; path = Info.plist; sourceTree = "<group>"; };
		87F21C6B5BE763780F825BDB /* Pods_FantasticViewTests.framework */ = {isa = PBXFileReference; explicitFileType = wrapper.framework; includeInIndex = 0; path = Pods_FantasticViewTests.framework; sourceTree = BUILT_PRODUCTS_DIR; };
		96EBD0B19838AFD8216881DA /* Pods-FantasticViewTests.debug.xcconfig */ = {isa = PBXFileReference; includeInIndex = 1; lastKnownFileType = text.xcconfig; name = "Pods-FantasticViewTests.debug.xcconfig"; path = "Pods/Target Support Files/Pods-FantasticViewTests/Pods-FantasticViewTests.debug.xcconfig"; sourceTree = "<group>"; };
		DE253DC0EE67CFF187566EB0 /* Pods-FantasticView.debug.xcconfig */ = {isa = PBXFileReference; includeInIndex = 1; lastKnownFileType = text.xcconfig; name = "Pods-FantasticView.debug.xcconfig"; path = "Pods/Target Support Files/Pods-FantasticView/Pods-FantasticView.debug.xcconfig"; sourceTree = "<group>"; };
		F59E4C1099B10DB2F391E57F /* Pods_FantasticView.framework */ = {isa = PBXFileReference; explicitFileType = wrapper.framework; includeInIndex = 0; path = Pods_FantasticView.framework; sourceTree = BUILT_PRODUCTS_DIR; };
/* End PBXFileReference section */

/* Begin PBXFrameworksBuildPhase section */
		75F81ED020D77218009D5971 /* Frameworks */ = {
			isa = PBXFrameworksBuildPhase;
			buildActionMask = 2147483647;
			files = (
				8C1A3FBD7012963F6579CDF7 /* Pods_FantasticView.framework in Frameworks */,
			);
			runOnlyForDeploymentPostprocessing = 0;
		};
		75F81EE420D7721B009D5971 /* Frameworks */ = {
			isa = PBXFrameworksBuildPhase;
			buildActionMask = 2147483647;
			files = (
				2B795AFF1D50DE39A8B681D4 /* Pods_FantasticViewTests.framework in Frameworks */,
			);
			runOnlyForDeploymentPostprocessing = 0;
		};
/* End PBXFrameworksBuildPhase section */

/* Begin PBXGroup section */
		0C3C6A9A740B30CD9438EEC3 /* Pods */ = {
			isa = PBXGroup;
			children = (
				DE253DC0EE67CFF187566EB0 /* Pods-FantasticView.debug.xcconfig */,
				62F0A743FED9568C7DBBCB1C /* Pods-FantasticView.release.xcconfig */,
				96EBD0B19838AFD8216881DA /* Pods-FantasticViewTests.debug.xcconfig */,
				15E4D3D4C47842A81B534E33 /* Pods-FantasticViewTests.release.xcconfig */,
			);
			name = Pods;
			sourceTree = "<group>";
		};
		4D1F6EDE9C73475A28DBE067 /* Frameworks */ = {
			isa = PBXGroup;
			children = (
				F59E4C1099B10DB2F391E57F /* Pods_FantasticView.framework */,
				87F21C6B5BE763780F825BDB /* Pods_FantasticViewTests.framework */,
			);
			name = Frameworks;
			sourceTree = "<group>";
		};
		7533FEF120D8DA1F0095EE1E /* Fantastic */ = {
			isa = PBXGroup;
			children = (
				7533FEF220D8DA1F0095EE1E /* FantasticView.swift */,
				7533FEF320D8DA1F0095EE1E /* FantasticViewPravin.swift */,
			);
			path = Fantastic;
			sourceTree = "<group>";
		};
		75F81ECA20D77218009D5971 = {
			isa = PBXGroup;
			children = (
				75F81ED520D77218009D5971 /* FantasticView */,
				75F81EEA20D7721B009D5971 /* FantasticViewTests */,
				75F81ED420D77218009D5971 /* Products */,
				0C3C6A9A740B30CD9438EEC3 /* Pods */,
				4D1F6EDE9C73475A28DBE067 /* Frameworks */,
			);
			sourceTree = "<group>";
		};
		75F81ED420D77218009D5971 /* Products */ = {
			isa = PBXGroup;
			children = (
				75F81ED320D77218009D5971 /* FantasticView.app */,
				75F81EE720D7721B009D5971 /* FantasticViewTests.xctest */,
			);
			name = Products;
			sourceTree = "<group>";
		};
		75F81ED520D77218009D5971 /* FantasticView */ = {
			isa = PBXGroup;
			children = (
				7533FEF120D8DA1F0095EE1E /* Fantastic */,
				75F81ED620D77218009D5971 /* AppDelegate.swift */,
				75F81ED820D77218009D5971 /* ViewController.swift */,
				75F81EDA20D77218009D5971 /* Main.storyboard */,
				75F81EDD20D7721B009D5971 /* Assets.xcassets */,
				75F81EDF20D7721B009D5971 /* LaunchScreen.storyboard */,
				75F81EE220D7721B009D5971 /* Info.plist */,
			);
			path = FantasticView;
			sourceTree = "<group>";
		};
		75F81EEA20D7721B009D5971 /* FantasticViewTests */ = {
			isa = PBXGroup;
			children = (
				75F81EEB20D7721B009D5971 /* FantasticViewTests.swift */,
				75F81EED20D7721B009D5971 /* Info.plist */,
			);
			path = FantasticViewTests;
			sourceTree = "<group>";
		};
/* End PBXGroup section */

/* Begin PBXNativeTarget section */
		75F81ED220D77218009D5971 /* FantasticView */ = {
			isa = PBXNativeTarget;
			buildConfigurationList = 75F81EF020D7721B009D5971 /* Build configuration list for PBXNativeTarget "FantasticView" */;
			buildPhases = (
				C268FDA93CBFBA035CD0D4D1 /* [CP] Check Pods Manifest.lock */,
				75F81ECF20D77218009D5971 /* Sources */,
				75F81ED020D77218009D5971 /* Frameworks */,
				75F81ED120D77218009D5971 /* Resources */,
				353A628C57CCC8BA4E084837 /* [CP] Embed Pods Frameworks */,
			);
			buildRules = (
			);
			dependencies = (
			);
			name = FantasticView;
			productName = FantasticView;
			productReference = 75F81ED320D77218009D5971 /* FantasticView.app */;
			productType = "com.apple.product-type.application";
		};
		75F81EE620D7721B009D5971 /* FantasticViewTests */ = {
			isa = PBXNativeTarget;
			buildConfigurationList = 75F81EF320D7721B009D5971 /* Build configuration list for PBXNativeTarget "FantasticViewTests" */;
			buildPhases = (
				95F3098FAE8EB46D8316B9EC /* [CP] Check Pods Manifest.lock */,
				75F81EE320D7721B009D5971 /* Sources */,
				75F81EE420D7721B009D5971 /* Frameworks */,
				75F81EE520D7721B009D5971 /* Resources */,
			);
			buildRules = (
			);
			dependencies = (
				75F81EE920D7721B009D5971 /* PBXTargetDependency */,
			);
			name = FantasticViewTests;
			productName = FantasticViewTests;
			productReference = 75F81EE720D7721B009D5971 /* FantasticViewTests.xctest */;
			productType = "com.apple.product-type.bundle.unit-test";
		};
/* End PBXNativeTarget section */

/* Begin PBXProject section */
		75F81ECB20D77218009D5971 /* Project object */ = {
			isa = PBXProject;
			attributes = {
				LastSwiftUpdateCheck = 0930;
				LastUpgradeCheck = 0930;
				ORGANIZATIONNAME = TailoredTech;
				TargetAttributes = {
					75F81ED220D77218009D5971 = {
						CreatedOnToolsVersion = 9.3;
					};
					75F81EE620D7721B009D5971 = {
						CreatedOnToolsVersion = 9.3;
						TestTargetID = 75F81ED220D77218009D5971;
					};
				};
			};
			buildConfigurationList = 75F81ECE20D77218009D5971 /* Build configuration list for PBXProject "FantasticView" */;
			compatibilityVersion = "Xcode 9.3";
			developmentRegion = en;
			hasScannedForEncodings = 0;
			knownRegions = (
				en,
				Base,
			);
			mainGroup = 75F81ECA20D77218009D5971;
			productRefGroup = 75F81ED420D77218009D5971 /* Products */;
			projectDirPath = "";
			projectRoot = "";
			targets = (
				75F81ED220D77218009D5971 /* FantasticView */,
				75F81EE620D7721B009D5971 /* FantasticViewTests */,
			);
		};
/* End PBXProject section */

/* Begin PBXResourcesBuildPhase section */
		75F81ED120D77218009D5971 /* Resources */ = {
			isa = PBXResourcesBuildPhase;
			buildActionMask = 2147483647;
			files = (
				75F81EE120D7721B009D5971 /* LaunchScreen.storyboard in Resources */,
				75F81EDE20D7721B009D5971 /* Assets.xcassets in Resources */,
				75F81EDC20D77218009D5971 /* Main.storyboard in Resources */,
			);
			runOnlyForDeploymentPostprocessing = 0;
		};
		75F81EE520D7721B009D5971 /* Resources */ = {
			isa = PBXResourcesBuildPhase;
			buildActionMask = 2147483647;
			files = (
			);
			runOnlyForDeploymentPostprocessing = 0;
		};
/* End PBXResourcesBuildPhase section */

/* Begin PBXShellScriptBuildPhase section */
		353A628C57CCC8BA4E084837 /* [CP] Embed Pods Frameworks */ = {
			isa = PBXShellScriptBuildPhase;
			buildActionMask = 2147483647;
			files = (
			);
			inputPaths = (
				"${SRCROOT}/Pods/Target Support Files/Pods-FantasticView/Pods-FantasticView-frameworks.sh",
				"${BUILT_PRODUCTS_DIR}/IQKeyboardManagerSwift/IQKeyboardManagerSwift.framework",
			);
			name = "[CP] Embed Pods Frameworks";
			outputPaths = (
				"${TARGET_BUILD_DIR}/${FRAMEWORKS_FOLDER_PATH}/IQKeyboardManagerSwift.framework",
			);
			runOnlyForDeploymentPostprocessing = 0;
			shellPath = /bin/sh;
			shellScript = "\"${SRCROOT}/Pods/Target Support Files/Pods-FantasticView/Pods-FantasticView-frameworks.sh\"\n";
			showEnvVarsInLog = 0;
		};
		95F3098FAE8EB46D8316B9EC /* [CP] Check Pods Manifest.lock */ = {
			isa = PBXShellScriptBuildPhase;
			buildActionMask = 2147483647;
			files = (
			);
			inputPaths = (
				"${PODS_PODFILE_DIR_PATH}/Podfile.lock",
				"${PODS_ROOT}/Manifest.lock",
			);
			name = "[CP] Check Pods Manifest.lock";
			outputPaths = (
				"$(DERIVED_FILE_DIR)/Pods-FantasticViewTests-checkManifestLockResult.txt",
			);
			runOnlyForDeploymentPostprocessing = 0;
			shellPath = /bin/sh;
			shellScript = "diff \"${PODS_PODFILE_DIR_PATH}/Podfile.lock\" \"${PODS_ROOT}/Manifest.lock\" > /dev/null\nif [ $? != 0 ] ; then\n    # print error to STDERR\n    echo \"error: The sandbox is not in sync with the Podfile.lock. Run 'pod install' or update your CocoaPods installation.\" >&2\n    exit 1\nfi\n# This output is used by Xcode 'outputs' to avoid re-running this script phase.\necho \"SUCCESS\" > \"${SCRIPT_OUTPUT_FILE_0}\"\n";
			showEnvVarsInLog = 0;
		};
		C268FDA93CBFBA035CD0D4D1 /* [CP] Check Pods Manifest.lock */ = {
			isa = PBXShellScriptBuildPhase;
			buildActionMask = 2147483647;
			files = (
			);
			inputPaths = (
				"${PODS_PODFILE_DIR_PATH}/Podfile.lock",
				"${PODS_ROOT}/Manifest.lock",
			);
			name = "[CP] Check Pods Manifest.lock";
			outputPaths = (
				"$(DERIVED_FILE_DIR)/Pods-FantasticView-checkManifestLockResult.txt",
			);
			runOnlyForDeploymentPostprocessing = 0;
			shellPath = /bin/sh;
			shellScript = "diff \"${PODS_PODFILE_DIR_PATH}/Podfile.lock\" \"${PODS_ROOT}/Manifest.lock\" > /dev/null\nif [ $? != 0 ] ; then\n    # print error to STDERR\n    echo \"error: The sandbox is not in sync with the Podfile.lock. Run 'pod install' or update your CocoaPods installation.\" >&2\n    exit 1\nfi\n# This output is used by Xcode 'outputs' to avoid re-running this script phase.\necho \"SUCCESS\" > \"${SCRIPT_OUTPUT_FILE_0}\"\n";
			showEnvVarsInLog = 0;
		};
/* End PBXShellScriptBuildPhase section */

/* Begin PBXSourcesBuildPhase section */
		75F81ECF20D77218009D5971 /* Sources */ = {
			isa = PBXSourcesBuildPhase;
			buildActionMask = 2147483647;
			files = (
				7533FEF520D8DA1F0095EE1E /* FantasticViewPravin.swift in Sources */,
				75F81ED920D77218009D5971 /* ViewController.swift in Sources */,
				75F81ED720D77218009D5971 /* AppDelegate.swift in Sources */,
				7533FEF420D8DA1F0095EE1E /* FantasticView.swift in Sources */,
			);
			runOnlyForDeploymentPostprocessing = 0;
		};
		75F81EE320D7721B009D5971 /* Sources */ = {
			isa = PBXSourcesBuildPhase;
			buildActionMask = 2147483647;
			files = (
				75F81EEC20D7721B009D5971 /* FantasticViewTests.swift in Sources */,
			);
			runOnlyForDeploymentPostprocessing = 0;
		};
/* End PBXSourcesBuildPhase section */

/* Begin PBXTargetDependency section */
		75F81EE920D7721B009D5971 /* PBXTargetDependency */ = {
			isa = PBXTargetDependency;
			target = 75F81ED220D77218009D5971 /* FantasticView */;
			targetProxy = 75F81EE820D7721B009D5971 /* PBXContainerItemProxy */;
		};
/* End PBXTargetDependency section */

/* Begin PBXVariantGroup section */
		75F81EDA20D77218009D5971 /* Main.storyboard */ = {
			isa = PBXVariantGroup;
			children = (
				75F81EDB20D77218009D5971 /* Base */,
			);
			name = Main.storyboard;
			sourceTree = "<group>";
		};
		75F81EDF20D7721B009D5971 /* LaunchScreen.storyboard */ = {
			isa = PBXVariantGroup;
			children = (
				75F81EE020D7721B009D5971 /* Base */,
			);
			name = LaunchScreen.storyboard;
			sourceTree = "<group>";
		};
/* End PBXVariantGroup section */

/* Begin XCBuildConfiguration section */
		75F81EEE20D7721B009D5971 /* Debug */ = {
			isa = XCBuildConfiguration;
			buildSettings = {
				ALWAYS_SEARCH_USER_PATHS = NO;
				CLANG_ANALYZER_NONNULL = YES;
				CLANG_ANALYZER_NUMBER_OBJECT_CONVERSION = YES_AGGRESSIVE;
				CLANG_CXX_LANGUAGE_STANDARD = "gnu++14";
				CLANG_CXX_LIBRARY = "libc++";
				CLANG_ENABLE_MODULES = YES;
				CLANG_ENABLE_OBJC_ARC = YES;
				CLANG_ENABLE_OBJC_WEAK = YES;
				CLANG_WARN_BLOCK_CAPTURE_AUTORELEASING = YES;
				CLANG_WARN_BOOL_CONVERSION = YES;
				CLANG_WARN_COMMA = YES;
				CLANG_WARN_CONSTANT_CONVERSION = YES;
				CLANG_WARN_DEPRECATED_OBJC_IMPLEMENTATIONS = YES;
				CLANG_WARN_DIRECT_OBJC_ISA_USAGE = YES_ERROR;
				CLANG_WARN_DOCUMENTATION_COMMENTS = YES;
				CLANG_WARN_EMPTY_BODY = YES;
				CLANG_WARN_ENUM_CONVERSION = YES;
				CLANG_WARN_INFINITE_RECURSION = YES;
				CLANG_WARN_INT_CONVERSION = YES;
				CLANG_WARN_NON_LITERAL_NULL_CONVERSION = YES;
				CLANG_WARN_OBJC_IMPLICIT_RETAIN_SELF = YES;
				CLANG_WARN_OBJC_LITERAL_CONVERSION = YES;
				CLANG_WARN_OBJC_ROOT_CLASS = YES_ERROR;
				CLANG_WARN_RANGE_LOOP_ANALYSIS = YES;
				CLANG_WARN_STRICT_PROTOTYPES = YES;
				CLANG_WARN_SUSPICIOUS_MOVE = YES;
				CLANG_WARN_UNGUARDED_AVAILABILITY = YES_AGGRESSIVE;
				CLANG_WARN_UNREACHABLE_CODE = YES;
				CLANG_WARN__DUPLICATE_METHOD_MATCH = YES;
				CODE_SIGN_IDENTITY = "iPhone Developer";
				COPY_PHASE_STRIP = NO;
				DEBUG_INFORMATION_FORMAT = dwarf;
				ENABLE_STRICT_OBJC_MSGSEND = YES;
				ENABLE_TESTABILITY = YES;
				GCC_C_LANGUAGE_STANDARD = gnu11;
				GCC_DYNAMIC_NO_PIC = NO;
				GCC_NO_COMMON_BLOCKS = YES;
				GCC_OPTIMIZATION_LEVEL = 0;
				GCC_PREPROCESSOR_DEFINITIONS = (
					"DEBUG=1",
					"$(inherited)",
				);
				GCC_WARN_64_TO_32_BIT_CONVERSION = YES;
				GCC_WARN_ABOUT_RETURN_TYPE = YES_ERROR;
				GCC_WARN_UNDECLARED_SELECTOR = YES;
				GCC_WARN_UNINITIALIZED_AUTOS = YES_AGGRESSIVE;
				GCC_WARN_UNUSED_FUNCTION = YES;
				GCC_WARN_UNUSED_VARIABLE = YES;
				IPHONEOS_DEPLOYMENT_TARGET = 9.0;
				MTL_ENABLE_DEBUG_INFO = YES;
				ONLY_ACTIVE_ARCH = YES;
				SDKROOT = iphoneos;
				SWIFT_ACTIVE_COMPILATION_CONDITIONS = DEBUG;
				SWIFT_OPTIMIZATION_LEVEL = "-Onone";
			};
			name = Debug;
		};
		75F81EEF20D7721B009D5971 /* Release */ = {
			isa = XCBuildConfiguration;
			buildSettings = {
				ALWAYS_SEARCH_USER_PATHS = NO;
				CLANG_ANALYZER_NONNULL = YES;
				CLANG_ANALYZER_NUMBER_OBJECT_CONVERSION = YES_AGGRESSIVE;
				CLANG_CXX_LANGUAGE_STANDARD = "gnu++14";
				CLANG_CXX_LIBRARY = "libc++";
				CLANG_ENABLE_MODULES = YES;
				CLANG_ENABLE_OBJC_ARC = YES;
				CLANG_ENABLE_OBJC_WEAK = YES;
				CLANG_WARN_BLOCK_CAPTURE_AUTORELEASING = YES;
				CLANG_WARN_BOOL_CONVERSION = YES;
				CLANG_WARN_COMMA = YES;
				CLANG_WARN_CONSTANT_CONVERSION = YES;
				CLANG_WARN_DEPRECATED_OBJC_IMPLEMENTATIONS = YES;
				CLANG_WARN_DIRECT_OBJC_ISA_USAGE = YES_ERROR;
				CLANG_WARN_DOCUMENTATION_COMMENTS = YES;
				CLANG_WARN_EMPTY_BODY = YES;
				CLANG_WARN_ENUM_CONVERSION = YES;
				CLANG_WARN_INFINITE_RECURSION = YES;
				CLANG_WARN_INT_CONVERSION = YES;
				CLANG_WARN_NON_LITERAL_NULL_CONVERSION = YES;
				CLANG_WARN_OBJC_IMPLICIT_RETAIN_SELF = YES;
				CLANG_WARN_OBJC_LITERAL_CONVERSION = YES;
				CLANG_WARN_OBJC_ROOT_CLASS = YES_ERROR;
				CLANG_WARN_RANGE_LOOP_ANALYSIS = YES;
				CLANG_WARN_STRICT_PROTOTYPES = YES;
				CLANG_WARN_SUSPICIOUS_MOVE = YES;
				CLANG_WARN_UNGUARDED_AVAILABILITY = YES_AGGRESSIVE;
				CLANG_WARN_UNREACHABLE_CODE = YES;
				CLANG_WARN__DUPLICATE_METHOD_MATCH = YES;
				CODE_SIGN_IDENTITY = "iPhone Developer";
				COPY_PHASE_STRIP = NO;
				DEBUG_INFORMATION_FORMAT = "dwarf-with-dsym";
				ENABLE_NS_ASSERTIONS = NO;
				ENABLE_STRICT_OBJC_MSGSEND = YES;
				GCC_C_LANGUAGE_STANDARD = gnu11;
				GCC_NO_COMMON_BLOCKS = YES;
				GCC_WARN_64_TO_32_BIT_CONVERSION = YES;
				GCC_WARN_ABOUT_RETURN_TYPE = YES_ERROR;
				GCC_WARN_UNDECLARED_SELECTOR = YES;
				GCC_WARN_UNINITIALIZED_AUTOS = YES_AGGRESSIVE;
				GCC_WARN_UNUSED_FUNCTION = YES;
				GCC_WARN_UNUSED_VARIABLE = YES;
				IPHONEOS_DEPLOYMENT_TARGET = 9.0;
				MTL_ENABLE_DEBUG_INFO = NO;
				SDKROOT = iphoneos;
				SWIFT_COMPILATION_MODE = wholemodule;
				SWIFT_OPTIMIZATION_LEVEL = "-O";
				VALIDATE_PRODUCT = YES;
			};
			name = Release;
		};
		75F81EF120D7721B009D5971 /* Debug */ = {
			isa = XCBuildConfiguration;
			baseConfigurationReference = DE253DC0EE67CFF187566EB0 /* Pods-FantasticView.debug.xcconfig */;
			buildSettings = {
				ASSETCATALOG_COMPILER_APPICON_NAME = AppIcon;
				CODE_SIGN_STYLE = Automatic;
				INFOPLIST_FILE = FantasticView/Info.plist;
				IPHONEOS_DEPLOYMENT_TARGET = 9.0;
				LD_RUNPATH_SEARCH_PATHS = (
					"$(inherited)",
					"@executable_path/Frameworks",
				);
				PRODUCT_BUNDLE_IDENTIFIER = com.tailoredtech.FantasticView;
				PRODUCT_NAME = "$(TARGET_NAME)";
				SWIFT_VERSION = 4.0;
				TARGETED_DEVICE_FAMILY = "1,2";
			};
			name = Debug;
		};
		75F81EF220D7721B009D5971 /* Release */ = {
			isa = XCBuildConfiguration;
			baseConfigurationReference = 62F0A743FED9568C7DBBCB1C /* Pods-FantasticView.release.xcconfig */;
			buildSettings = {
				ASSETCATALOG_COMPILER_APPICON_NAME = AppIcon;
				CODE_SIGN_STYLE = Automatic;
				INFOPLIST_FILE = FantasticView/Info.plist;
				IPHONEOS_DEPLOYMENT_TARGET = 9.0;
				LD_RUNPATH_SEARCH_PATHS = (
					"$(inherited)",
					"@executable_path/Frameworks",
				);
				PRODUCT_BUNDLE_IDENTIFIER = com.tailoredtech.FantasticView;
				PRODUCT_NAME = "$(TARGET_NAME)";
				SWIFT_VERSION = 4.0;
				TARGETED_DEVICE_FAMILY = "1,2";
			};
			name = Release;
		};
		75F81EF420D7721B009D5971 /* Debug */ = {
			isa = XCBuildConfiguration;
			baseConfigurationReference = 96EBD0B19838AFD8216881DA /* Pods-FantasticViewTests.debug.xcconfig */;
			buildSettings = {
				ALWAYS_EMBED_SWIFT_STANDARD_LIBRARIES = YES;
				BUNDLE_LOADER = "$(TEST_HOST)";
				CODE_SIGN_STYLE = Automatic;
				INFOPLIST_FILE = FantasticViewTests/Info.plist;
				LD_RUNPATH_SEARCH_PATHS = (
					"$(inherited)",
					"@executable_path/Frameworks",
					"@loader_path/Frameworks",
				);
				PRODUCT_BUNDLE_IDENTIFIER = com.tailoredtech.FantasticViewTests;
				PRODUCT_NAME = "$(TARGET_NAME)";
				SWIFT_VERSION = 4.0;
				TARGETED_DEVICE_FAMILY = "1,2";
				TEST_HOST = "$(BUILT_PRODUCTS_DIR)/FantasticView.app/FantasticView";
			};
			name = Debug;
		};
		75F81EF520D7721B009D5971 /* Release */ = {
			isa = XCBuildConfiguration;
			baseConfigurationReference = 15E4D3D4C47842A81B534E33 /* Pods-FantasticViewTests.release.xcconfig */;
			buildSettings = {
				ALWAYS_EMBED_SWIFT_STANDARD_LIBRARIES = YES;
				BUNDLE_LOADER = "$(TEST_HOST)";
				CODE_SIGN_STYLE = Automatic;
				INFOPLIST_FILE = FantasticViewTests/Info.plist;
				LD_RUNPATH_SEARCH_PATHS = (
					"$(inherited)",
					"@executable_path/Frameworks",
					"@loader_path/Frameworks",
				);
				PRODUCT_BUNDLE_IDENTIFIER = com.tailoredtech.FantasticViewTests;
				PRODUCT_NAME = "$(TARGET_NAME)";
				SWIFT_VERSION = 4.0;
				TARGETED_DEVICE_FAMILY = "1,2";
				TEST_HOST = "$(BUILT_PRODUCTS_DIR)/FantasticView.app/FantasticView";
			};
			name = Release;
		};
/* End XCBuildConfiguration section */

/* Begin XCConfigurationList section */
		75F81ECE20D77218009D5971 /* Build configuration list for PBXProject "FantasticView" */ = {
			isa = XCConfigurationList;
			buildConfigurations = (
				75F81EEE20D7721B009D5971 /* Debug */,
				75F81EEF20D7721B009D5971 /* Release */,
			);
			defaultConfigurationIsVisible = 0;
			defaultConfigurationName = Release;
		};
		75F81EF020D7721B009D5971 /* Build configuration list for PBXNativeTarget "FantasticView" */ = {
			isa = XCConfigurationList;
			buildConfigurations = (
				75F81EF120D7721B009D5971 /* Debug */,
				75F81EF220D7721B009D5971 /* Release */,
			);
			defaultConfigurationIsVisible = 0;
			defaultConfigurationName = Release;
		};
		75F81EF320D7721B009D5971 /* Build configuration list for PBXNativeTarget "FantasticViewTests" */ = {
			isa = XCConfigurationList;
			buildConfigurations = (
				75F81EF420D7721B009D5971 /* Debug */,
				75F81EF520D7721B009D5971 /* Release */,
			);
			defaultConfigurationIsVisible = 0;
			defaultConfigurationName = Release;
		};
/* End XCConfigurationList section */
	};
	rootObject = 75F81ECB20D77218009D5971 /* Project object */;
}
